
Microsoft Visual Studio Solution File, Format Version 12.00
# Visual Studio 14
VisualStudioVersion = 14.0.25123.0
MinimumVisualStudioVersion = 10.0.40219.1
Project("{FAE04EC0-301F-11D3-BF4B-00C04F79EFBC}") = "MyNewProject", "MyNewProject\MyNewProject.csproj", "{BBD67DD7-D400-4682-8465-2DB894DCF1B9}"
EndProject
Project("{FAE04EC0-301F-11D3-BF4B-00C04F79EFBC}") = "MyNewProject.Tests", "MyNewProject.Tests\MyNewProject.Tests.csproj", "{779B91DC-2BCB-4F47-BDC2-74DE7EDE5309}"
EndProject
Global
	GlobalSection(SolutionConfigurationPlatforms) = preSolution
		Debug|Any CPU = Debug|Any CPU
		Release|Any CPU = Release|Any CPU
	EndGlobalSection
	GlobalSection(ProjectConfigurationPlatforms) = postSolution
		{BBD67DD7-D400-4682-8465-2DB894DCF1B9}.Debug|Any CPU.ActiveCfg = Debug|Any CPU
		{BBD67DD7-D400-4682-8465-2DB894DCF1B9}.Debug|Any CPU.Build.0 = Debug|Any CPU
		{BBD67DD7-D400-4682-8465-2DB894DCF1B9}.Release|Any CPU.ActiveCfg = Release|Any CPU
		{BBD67DD7-D400-4682-8465-2DB894DCF1B9}.Release|Any CPU.Build.0 = Release|Any CPU
		{779B91DC-2BCB-4F47-BDC2-74DE7EDE5309}.Debug|Any CPU.ActiveCfg = Debug|Any CPU
		{779B91DC-2BCB-4F47-BDC2-74DE7EDE5309}.Debug|Any CPU.Build.0 = Debug|Any CPU
		{779B91DC-2BCB-4F47-BDC2-74DE7EDE5309}.Release|Any CPU.ActiveCfg = Release|Any CPU
		{779B91DC-2BCB-4F47-BDC2-74DE7EDE5309}.Release|Any CPU.Build.0 = Release|Any CPU
	EndGlobalSection
	GlobalSection(SolutionProperties) = preSolution
		HideSolutionNode = FALSE
	EndGlobalSection
EndGlobal
